PODS:
  - Crashlytics (3.8.2):
    - Fabric (~> 1.6.3)
  - DTCoreText (1.6.17):
    - DTFoundation/Core (~> 1.7.5)
    - DTFoundation/DTAnimatedGIF (~> 1.7.5)
    - DTFoundation/DTHTMLParser (~> 1.7.5)
    - DTFoundation/UIKit (~> 1.7.5)
  - DTFoundation/Core (1.7.11)
  - DTFoundation/DTAnimatedGIF (1.7.11)
  - DTFoundation/DTHTMLParser (1.7.11):
    - DTFoundation/Core
  - DTFoundation/UIKit (1.7.11):
    - DTFoundation/Core
  - Fabric (1.6.8)
  - JSONJoy-Swift (2.0.1)
  - KeychainAccess (3.0.0)
  - SwiftHTTP (2.0.0)
  - Toaster (2.0.0)

DEPENDENCIES:
  - Crashlytics
  - DTCoreText
  - Fabric
  - JSONJoy-Swift (~> 2.0.1)
  - KeychainAccess
  - SwiftHTTP (~> 2.0.0)
  - Toaster (~> 2.0)

SPEC CHECKSUMS:
  Crashlytics: 27acca95a01b042a8294291dd6dff27f8f6af6d7
  DTCoreText: 3ea8bba23dd2141ba18adb227a7dd33a822df1c4
  DTFoundation: 0ef29c70a9814e15518694862bd739347abe2a50
  Fabric: 5755268d0171435ab167e3d0878a28a777deaf10
  JSONJoy-Swift: 9e3d2c20cadbfdd8cd56f1f4d5733d80ce2ffa09
  KeychainAccess: 412bf2650d9aebfc8135a58103b90ec38caad7f8
  SwiftHTTP: 55a6f10e9952819ff728a3d9d1fa52ba3d266dba
  Toaster: 25101e968655aa991fa72ad888029e8d515c6237

PODFILE CHECKSUM: b84af91eae63ae6b28149ca9685550e6dded9556

COCOAPODS: 1.0.1
