PODS:
  - DTCoreText (1.6.17):
    - DTFoundation/Core (~> 1.7.5)
    - DTFoundation/DTAnimatedGIF (~> 1.7.5)
    - DTFoundation/DTHTMLParser (~> 1.7.5)
    - DTFoundation/UIKit (~> 1.7.5)
  - DTFoundation/Core (1.7.9)
  - DTFoundation/DTAnimatedGIF (1.7.9)
  - DTFoundation/DTHTMLParser (1.7.9):
    - DTFoundation/Core
  - DTFoundation/UIKit (1.7.9):
    - DTFoundation/Core
  - JLToast (1.3.5)
  - JSONJoy-Swift (2.0.0)
  - KeychainAccess (2.3.4)
  - SwiftHTTP (1.0.4)

DEPENDENCIES:
  - DTCoreText
  - JLToast (~> 1.3)
  - JSONJoy-Swift (~> 2.0.0)
  - KeychainAccess
  - SwiftHTTP (~> 1.0.4)

SPEC CHECKSUMS:
  DTCoreText: 3ea8bba23dd2141ba18adb227a7dd33a822df1c4
  DTFoundation: 70a0765e3596f82dd421832e95c65e2166eb3102
  JLToast: 08024c173a36e4d747607593d59cc17f3c3b09f1
  JSONJoy-Swift: 9dc31dfb9e551c3ae7781513a86e369598102653
  KeychainAccess: 3a21b6944b4f2a22653f091d770cf10374961a94
  SwiftHTTP: 7e084af3bf628b17589c7b61a9df8750947a9813

COCOAPODS: 0.39.0
